<?xml version="1.0" encoding="utf-8"?>
<Project ToolsVersion="4.0" xmlns="http://schemas.microsoft.com/developer/msbuild/2003">
  <ItemGroup>
    <Filter Include="Source Files">
      <UniqueIdentifier>{9defb0b0-5b6a-491c-afec-78079652e5df}</UniqueIdentifier>
    </Filter>
    <Filter Include="Contract">
      <UniqueIdentifier>{805c4b80-03fa-4825-8775-ed2d870e99d6}</UniqueIdentifier>
    </Filter>
  </ItemGroup>
  <ItemGroup>
    <ClCompile Include="..\..\plugin.contract\plugin\contract.cpp">
      <Filter>Source Files</Filter>
    </ClCompile>
  </ItemGroup>
  <ItemGroup>
    <ClInclude Include="..\..\plugin.contract\plugin\contract.h">
      <Filter>Source Files</Filter>
    </ClInclude>
    <ClInclude Include="..\..\plugin.contract\plugin\defines.h">
      <Filter>Source Files</Filter>
    </ClInclude>
    <ClInclude Include="..\..\plugin.contract\plugin\IPlugin.h">
      <Filter>Contract</Filter>
    </ClInclude>
    <ClInclude Include="..\..\plugin.contract\plugin\IPluginActivator.h">
      <Filter>Contract</Filter>
    </ClInclude>
    <ClInclude Include="..\..\plugin.contract\plugin\IPluginContext.h">
      <Filter>Contract</Filter>
    </ClInclude>
    <ClInclude Include="..\..\plugin.contract\plugin\IPluginListener.h">
      <Filter>Contract</Filter>
    </ClInclude>
    <ClInclude Include="..\..\plugin.contract\plugin\IService.h">
      <Filter>Contract</Filter>
    </ClInclude>
    <ClInclude Include="..\..\plugin.contract\plugin\IServiceListener.h">
      <Filter>Contract</Filter>
    </ClInclude>
    <ClInclude Include="..\..\plugin.contract\plugin\IServiceReference.h">
      <Filter>Contract</Filter>
    </ClInclude>
    <ClInclude Include="..\..\plugin.contract\plugin\IServiceReferences.h">
      <Filter>Contract</Filter>
    </ClInclude>
    <ClInclude Include="..\..\plugin.contract\plugin\IVersion.h">
      <Filter>Contract</Filter>
    </ClInclude>
    <ClInclude Include="..\..\plugin.contract\plugin\IContract.h">
      <Filter>Contract</Filter>
    </ClInclude>
  </ItemGroup>
</Project>