
Microsoft Visual Studio Solution File, Format Version 12.00
# Visual Studio Express 2013 for Windows Desktop
VisualStudioVersion = 12.0.30110.0
MinimumVisualStudioVersion = 10.0.40219.1
Project("{8BC9CEB8-8B4A-11D0-8D11-00A0C91BC942}") = "plugin.testapp", "plugin.testapp\plugin.testapp.vcxproj", "{C07E5AB1-F274-4277-9D38-31A8B993A945}"
EndProject
Project("{8BC9CEB8-8B4A-11D0-8D11-00A0C91BC942}") = "plugin1", "plugin1\plugin1.vcxproj", "{32F4DBF4-6729-47C0-BE46-7820557FB45D}"
EndProject
Project("{8BC9CEB8-8B4A-11D0-8D11-00A0C91BC942}") = "plugin2", "plugin2\plugin2.vcxproj", "{13AB627A-86B9-4066-AB98-B0A2498B9672}"
EndProject
Global
	GlobalSection(SolutionConfigurationPlatforms) = preSolution
		Debug|Win32 = Debug|Win32
		Release|Win32 = Release|Win32
	EndGlobalSection
	GlobalSection(ProjectConfigurationPlatforms) = postSolution
		{C07E5AB1-F274-4277-9D38-31A8B993A945}.Debug|Win32.ActiveCfg = Debug|Win32
		{C07E5AB1-F274-4277-9D38-31A8B993A945}.Debug|Win32.Build.0 = Debug|Win32
		{C07E5AB1-F274-4277-9D38-31A8B993A945}.Release|Win32.ActiveCfg = Release|Win32
		{C07E5AB1-F274-4277-9D38-31A8B993A945}.Release|Win32.Build.0 = Release|Win32
		{32F4DBF4-6729-47C0-BE46-7820557FB45D}.Debug|Win32.ActiveCfg = Debug|Win32
		{32F4DBF4-6729-47C0-BE46-7820557FB45D}.Debug|Win32.Build.0 = Debug|Win32
		{32F4DBF4-6729-47C0-BE46-7820557FB45D}.Release|Win32.ActiveCfg = Release|Win32
		{32F4DBF4-6729-47C0-BE46-7820557FB45D}.Release|Win32.Build.0 = Release|Win32
		{13AB627A-86B9-4066-AB98-B0A2498B9672}.Debug|Win32.ActiveCfg = Debug|Win32
		{13AB627A-86B9-4066-AB98-B0A2498B9672}.Debug|Win32.Build.0 = Debug|Win32
		{13AB627A-86B9-4066-AB98-B0A2498B9672}.Release|Win32.ActiveCfg = Release|Win32
		{13AB627A-86B9-4066-AB98-B0A2498B9672}.Release|Win32.Build.0 = Release|Win32
	EndGlobalSection
	GlobalSection(SolutionProperties) = preSolution
		HideSolutionNode = FALSE
	EndGlobalSection
EndGlobal
